// !$*UTF8*$!
{
	archiveVersion = 1;
	classes = {
	};
	objectVersion = 46;
	objects = {

/* Begin PBXBuildFile section */
		138FB8971E6398BE00022C35 /* AppDelegate.swift in Sources */ = {isa = PBXBuildFile; fileRef = 138FB8961E6398BE00022C35 /* AppDelegate.swift */; };
		138FB8991E6398BE00022C35 /* ViewController.swift in Sources */ = {isa = PBXBuildFile; fileRef = 138FB8981E6398BE00022C35 /* ViewController.swift */; };
		138FB89C1E6398BE00022C35 /* Main.storyboard in Resources */ = {isa = PBXBuildFile; fileRef = 138FB89A1E6398BE00022C35 /* Main.storyboard */; };
		138FB89E1E6398BE00022C35 /* Assets.xcassets in Resources */ = {isa = PBXBuildFile; fileRef = 138FB89D1E6398BE00022C35 /* Assets.xcassets */; };
		138FB8A11E6398BE00022C35 /* LaunchScreen.storyboard in Resources */ = {isa = PBXBuildFile; fileRef = 138FB89F1E6398BE00022C35 /* LaunchScreen.storyboard */; };
/* End PBXBuildFile section */

/* Begin PBXFileReference section */
		138FB8931E6398BE00022C35 /* StackViewAndSizeClass.app */ = {isa = PBXFileReference; explicitFileType = wrapper.application; includeInIndex = 0; path = StackViewAndSizeClass.app; sourceTree = BUILT_PRODUCTS_DIR; };
		138FB8961E6398BE00022C35 /* AppDelegate.swift */ = {isa = PBXFileReference; lastKnownFileType = sourcecode.swift; path = AppDelegate.swift; sourceTree = "<group>"; };
		138FB8981E6398BE00022C35 /* ViewController.swift */ = {isa = PBXFileReference; lastKnownFileType = sourcecode.swift; path = ViewController.swift; sourceTree = "<group>"; };
		138FB89B1E6398BE00022C35 /* Base */ = {isa = PBXFileReference; lastKnownFileType = file.storyboard; name = Base; path = Base.lproj/Main.storyboard; sourceTree = "<group>"; };
		138FB89D1E6398BE00022C35 /* Assets.xcassets */ = {isa = PBXFileReference; lastKnownFileType = folder.assetcatalog; path = Assets.xcassets; sourceTree = "<group>"; };
		138FB8A01E6398BE00022C35 /* Base */ = {isa = PBXFileReference; lastKnownFileType = file.storyboard; name = Base; path = Base.lproj/LaunchScreen.storyboard; sourceTree = "<group>"; };
		138FB8A21E6398BE00022C35 /* Info.plist */ = {isa = PBXFileReference; lastKnownFileType = text.plist.xml; path = Info.plist; sourceTree = "<group>"; };
/* End PBXFileReference section */

/* Begin PBXFrameworksBuildPhase section */
		138FB8901E6398BE00022C35 /* Frameworks */ = {
			isa = PBXFrameworksBuildPhase;
			buildActionMask = 2147483647;
			files = (
			);
			runOnlyForDeploymentPostprocessing = 0;
		};
/* End PBXFrameworksBuildPhase section */

/* Begin PBXGroup section */
		138FB88A1E6398BE00022C35 = {
			isa = PBXGroup;
			children = (
				138FB8951E6398BE00022C35 /* StackViewAndSizeClass */,
				138FB8941E6398BE00022C35 /* Products */,
			);
			sourceTree = "<group>";
		};
		138FB8941E6398BE00022C35 /* Products */ = {
			isa = PBXGroup;
			children = (
				138FB8931E6398BE00022C35 /* StackViewAndSizeClass.app */,
			);
			name = Products;
			sourceTree = "<group>";
		};
		138FB8951E6398BE00022C35 /* StackViewAndSizeClass */ = {
			isa = PBXGroup;
			children = (
				138FB8961E6398BE00022C35 /* AppDelegate.swift */,
				138FB8981E6398BE00022C35 /* ViewController.swift */,
				138FB89A1E6398BE00022C35 /* Main.storyboard */,
				138FB89D1E6398BE00022C35 /* Assets.xcassets */,
				138FB89F1E6398BE00022C35 /* LaunchScreen.storyboard */,
				138FB8A21E6398BE00022C35 /* Info.plist */,
			);
			path = StackViewAndSizeClass;
			sourceTree = "<group>";
		};
/* End PBXGroup section */

/* Begin PBXNativeTarget section */
		138FB8921E6398BE00022C35 /* StackViewAndSizeClass */ = {
			isa = PBXNativeTarget;
			buildConfigurationList = 138FB8A51E6398BE00022C35 /* Build configuration list for PBXNativeTarget "StackViewAndSizeClass" */;
			buildPhases = (
				138FB88F1E6398BE00022C35 /* Sources */,
				138FB8901E6398BE00022C35 /* Frameworks */,
				138FB8911E6398BE00022C35 /* Resources */,
			);
			buildRules = (
			);
			dependencies = (
			);
			name = StackViewAndSizeClass;
			productName = StackViewAndSizeClass;
			productReference = 138FB8931E6398BE00022C35 /* StackViewAndSizeClass.app */;
			productType = "com.apple.product-type.application";
		};
/* End PBXNativeTarget section */

/* Begin PBXProject section */
		138FB88B1E6398BE00022C35 /* Project object */ = {
			isa = PBXProject;
			attributes = {
				LastSwiftUpdateCheck = 0820;
				LastUpgradeCheck = 0820;
				ORGANIZATIONNAME = "Yanzi Li";
				TargetAttributes = {
					138FB8921E6398BE00022C35 = {
						CreatedOnToolsVersion = 8.2.1;
						DevelopmentTeam = 3W8B4KPVH6;
						ProvisioningStyle = Automatic;
					};
				};
			};
			buildConfigurationList = 138FB88E1E6398BE00022C35 /* Build configuration list for PBXProject "StackViewAndSizeClass" */;
			compatibilityVersion = "Xcode 3.2";
			developmentRegion = English;
			hasScannedForEncodings = 0;
			knownRegions = (
				en,
				Base,
			);
			mainGroup = 138FB88A1E6398BE00022C35;
			productRefGroup = 138FB8941E6398BE00022C35 /* Products */;
			projectDirPath = "";
			projectRoot = "";
			targets = (
				138FB8921E6398BE00022C35 /* StackViewAndSizeClass */,
			);
		};
/* End PBXProject section */

/* Begin PBXResourcesBuildPhase section */
		138FB8911E6398BE00022C35 /* Resources */ = {
			isa = PBXResourcesBuildPhase;
			buildActionMask = 2147483647;
			files = (
				138FB8A11E6398BE00022C35 /* LaunchScreen.storyboard in Resources */,
				138FB89E1E6398BE00022C35 /* Assets.xcassets in Resources */,
				138FB89C1E6398BE00022C35 /* Main.storyboard in Resources */,
			);
			runOnlyForDeploymentPostprocessing = 0;
		};
/* End PBXResourcesBuildPhase section */

/* Begin PBXSourcesBuildPhase section */
		138FB88F1E6398BE00022C35 /* Sources */ = {
			isa = PBXSourcesBuildPhase;
			buildActionMask = 2147483647;
			files = (
				138FB8991E6398BE00022C35 /* ViewController.swift in Sources */,
				138FB8971E6398BE00022C35 /* AppDelegate.swift in Sources */,
			);
			runOnlyForDeploymentPostprocessing = 0;
		};
/* End PBXSourcesBuildPhase section */

/* Begin PBXVariantGroup section */
		138FB89A1E6398BE00022C35 /* Main.storyboard */ = {
			isa = PBXVariantGroup;
			children = (
				138FB89B1E6398BE00022C35 /* Base */,
			);
			name = Main.storyboard;
			sourceTree = "<group>";
		};
		138FB89F1E6398BE00022C35 /* LaunchScreen.storyboard */ = {
			isa = PBXVariantGroup;
			children = (
				138FB8A01E6398BE00022C35 /* Base */,
			);
			name = LaunchScreen.storyboard;
			sourceTree = "<group>";
		};
/* End PBXVariantGroup section */

/* Begin XCBuildConfiguration section */
		138FB8A31E6398BE00022C35 /* Debug */ = {
			isa = XCBuildConfiguration;
			buildSettings = {
				ALWAYS_SEARCH_USER_PATHS = NO;
				CLANG_ANALYZER_NONNULL = YES;
				CLANG_CXX_LANGUAGE_STANDARD = "gnu++0x";
				CLANG_CXX_LIBRARY = "libc++";
				CLANG_ENABLE_MODULES = YES;
				CLANG_ENABLE_OBJC_ARC = YES;
				CLANG_WARN_BOOL_CONVERSION = YES;
				CLANG_WARN_CONSTANT_CONVERSION = YES;
				CLANG_WARN_DIRECT_OBJC_ISA_USAGE = YES_ERROR;
				CLANG_WARN_DOCUMENTATION_COMMENTS = YES;
				CLANG_WARN_EMPTY_BODY = YES;
				CLANG_WARN_ENUM_CONVERSION = YES;
				CLANG_WARN_INFINITE_RECURSION = YES;
				CLANG_WARN_INT_CONVERSION = YES;
				CLANG_WARN_OBJC_ROOT_CLASS = YES_ERROR;
				CLANG_WARN_SUSPICIOUS_MOVE = YES;
				CLANG_WARN_UNREACHABLE_CODE = YES;
				CLANG_WARN__DUPLICATE_METHOD_MATCH = YES;
				"CODE_SIGN_IDENTITY[sdk=iphoneos*]" = "iPhone Developer";
				COPY_PHASE_STRIP = NO;
				DEBUG_INFORMATION_FORMAT = dwarf;
				ENABLE_STRICT_OBJC_MSGSEND = YES;
				ENABLE_TESTABILITY = YES;
				GCC_C_LANGUAGE_STANDARD = gnu99;
				GCC_DYNAMIC_NO_PIC = NO;
				GCC_NO_COMMON_BLOCKS = YES;
				GCC_OPTIMIZATION_LEVEL = 0;
				GCC_PREPROCESSOR_DEFINITIONS = (
					"DEBUG=1",
					"$(inherited)",
				);
				GCC_WARN_64_TO_32_BIT_CONVERSION = YES;
				GCC_WARN_ABOUT_RETURN_TYPE = YES_ERROR;
				GCC_WARN_UNDECLARED_SELECTOR = YES;
				GCC_WARN_UNINITIALIZED_AUTOS = YES_AGGRESSIVE;
				GCC_WARN_UNUSED_FUNCTION = YES;
				GCC_WARN_UNUSED_VARIABLE = YES;
				IPHONEOS_DEPLOYMENT_TARGET = 10.2;
				MTL_ENABLE_DEBUG_INFO = YES;
				ONLY_ACTIVE_ARCH = YES;
				SDKROOT = iphoneos;
				SWIFT_ACTIVE_COMPILATION_CONDITIONS = DEBUG;
				SWIFT_OPTIMIZATION_LEVEL = "-Onone";
				TARGETED_DEVICE_FAMILY = "1,2";
			};
			name = Debug;
		};
		138FB8A41E6398BE00022C35 /* Release */ = {
			isa = XCBuildConfiguration;
			buildSettings = {
				ALWAYS_SEARCH_USER_PATHS = NO;
				CLANG_ANALYZER_NONNULL = YES;
				CLANG_CXX_LANGUAGE_STANDARD = "gnu++0x";
				CLANG_CXX_LIBRARY = "libc++";
				CLANG_ENABLE_MODULES = YES;
				CLANG_ENABLE_OBJC_ARC = YES;
				CLANG_WARN_BOOL_CONVERSION = YES;
				CLANG_WARN_CONSTANT_CONVERSION = YES;
				CLANG_WARN_DIRECT_OBJC_ISA_USAGE = YES_ERROR;
				CLANG_WARN_DOCUMENTATION_COMMENTS = YES;
				CLANG_WARN_EMPTY_BODY = YES;
				CLANG_WARN_ENUM_CONVERSION = YES;
				CLANG_WARN_INFINITE_RECURSION = YES;
				CLANG_WARN_INT_CONVERSION = YES;
				CLANG_WARN_OBJC_ROOT_CLASS = YES_ERROR;
				CLANG_WARN_SUSPICIOUS_MOVE = YES;
				CLANG_WARN_UNREACHABLE_CODE = YES;
				CLANG_WARN__DUPLICATE_METHOD_MATCH = YES;
				"CODE_SIGN_IDENTITY[sdk=iphoneos*]" = "iPhone Developer";
				COPY_PHASE_STRIP = NO;
				DEBUG_INFORMATION_FORMAT = "dwarf-with-dsym";
				ENABLE_NS_ASSERTIONS = NO;
				ENABLE_STRICT_OBJC_MSGSEND = YES;
				GCC_C_LANGUAGE_STANDARD = gnu99;
				GCC_NO_COMMON_BLOCKS = YES;
				GCC_WARN_64_TO_32_BIT_CONVERSION = YES;
				GCC_WARN_ABOUT_RETURN_TYPE = YES_ERROR;
				GCC_WARN_UNDECLARED_SELECTOR = YES;
				GCC_WARN_UNINITIALIZED_AUTOS = YES_AGGRESSIVE;
				GCC_WARN_UNUSED_FUNCTION = YES;
				GCC_WARN_UNUSED_VARIABLE = YES;
				IPHONEOS_DEPLOYMENT_TARGET = 10.2;
				MTL_ENABLE_DEBUG_INFO = NO;
				SDKROOT = iphoneos;
				SWIFT_OPTIMIZATION_LEVEL = "-Owholemodule";
				TARGETED_DEVICE_FAMILY = "1,2";
				VALIDATE_PRODUCT = YES;
			};
			name = Release;
		};
		138FB8A61E6398BE00022C35 /* Debug */ = {
			isa = XCBuildConfiguration;
			buildSettings = {
				ASSETCATALOG_COMPILER_APPICON_NAME = AppIcon;
				DEVELOPMENT_TEAM = 3W8B4KPVH6;
				INFOPLIST_FILE = StackViewAndSizeClass/Info.plist;
				LD_RUNPATH_SEARCH_PATHS = "$(inherited) @executable_path/Frameworks";
				PRODUCT_BUNDLE_IDENTIFIER = com.thoughtworks.StackViewAndSizeClass;
				PRODUCT_NAME = "$(TARGET_NAME)";
				SWIFT_VERSION = 3.0;
			};
			name = Debug;
		};
		138FB8A71E6398BE00022C35 /* Release */ = {
			isa = XCBuildConfiguration;
			buildSettings = {
				ASSETCATALOG_COMPILER_APPICON_NAME = AppIcon;
				DEVELOPMENT_TEAM = 3W8B4KPVH6;
				INFOPLIST_FILE = StackViewAndSizeClass/Info.plist;
				LD_RUNPATH_SEARCH_PATHS = "$(inherited) @executable_path/Frameworks";
				PRODUCT_BUNDLE_IDENTIFIER = com.thoughtworks.StackViewAndSizeClass;
				PRODUCT_NAME = "$(TARGET_NAME)";
				SWIFT_VERSION = 3.0;
			};
			name = Release;
		};
/* End XCBuildConfiguration section */

/* Begin XCConfigurationList section */
		138FB88E1E6398BE00022C35 /* Build configuration list for PBXProject "StackViewAndSizeClass" */ = {
			isa = XCConfigurationList;
			buildConfigurations = (
				138FB8A31E6398BE00022C35 /* Debug */,
				138FB8A41E6398BE00022C35 /* Release */,
			);
			defaultConfigurationIsVisible = 0;
			defaultConfigurationName = Release;
		};
		138FB8A51E6398BE00022C35 /* Build configuration list for PBXNativeTarget "StackViewAndSizeClass" */ = {
			isa = XCConfigurationList;
			buildConfigurations = (
				138FB8A61E6398BE00022C35 /* Debug */,
				138FB8A71E6398BE00022C35 /* Release */,
			);
			defaultConfigurationIsVisible = 0;
		};
/* End XCConfigurationList section */
	};
	rootObject = 138FB88B1E6398BE00022C35 /* Project object */;
}
